<?xml version="1.0" encoding="utf-8"?>
<Project ToolsVersion="4.0" xmlns="http://schemas.microsoft.com/developer/msbuild/2003">
  <ItemGroup>
    <Filter Include="Core">
      <UniqueIdentifier>{4FC737F1-C7A5-4376-A066-2A32D752A2FF}</UniqueIdentifier>
      <Extensions>cpp;c;cc;cxx;def;odl;idl;hpj;bat;asm;asmx</Extensions>
    </Filter>
    <Filter Include="Modules">
      <UniqueIdentifier>{93995380-89BD-4b04-88EB-625FBE52EBFB}</UniqueIdentifier>
      <Extensions>h;hh;hpp;hxx;hm;inl;inc;xsd</Extensions>
    </Filter>
    <Filter Include="Containers">
      <UniqueIdentifier>{78a7f487-1d77-4fdc-9f51-f067eccd6239}</UniqueIdentifier>
    </Filter>
    <Filter Include="Modules\Ghosts">
      <UniqueIdentifier>{79efbbde-369f-42d1-9b0f-e58a60603d32}</UniqueIdentifier>
    </Filter>
  </ItemGroup>
  <ItemGroup>
    <ClInclude Include="Module.h">
      <Filter>Modules</Filter>
    </ClInclude>
    <ClInclude Include="ModuleWindow.h">
      <Filter>Modules</Filter>
    </ClInclude>
    <ClInclude Include="MemLeaks.h">
      <Filter>Core</Filter>
    </ClInclude>
    <ClInclude Include="Application.h">
      <Filter>Core</Filter>
    </ClInclude>
    <ClInclude Include="ModuleInput.h">
      <Filter>Modules</Filter>
    </ClInclude>
    <ClInclude Include="ModuleRender.h">
      <Filter>Modules</Filter>
    </ClInclude>
    <ClInclude Include="ModuleTextures.h">
      <Filter>Modules</Filter>
    </ClInclude>
    <ClInclude Include="ModulePlayer.h">
      <Filter>Modules</Filter>
    </ClInclude>
    <ClInclude Include="p2Point.h">
      <Filter>Containers</Filter>
    </ClInclude>
    <ClInclude Include="Animation.h">
      <Filter>Containers</Filter>
    </ClInclude>
    <ClInclude Include="ModuleFadeToBlack.h">
      <Filter>Modules</Filter>
    </ClInclude>
    <ClInclude Include="ModuleStartScreen.h">
      <Filter>Modules</Filter>
    </ClInclude>
    <ClInclude Include="ModuleLevelOne.h">
      <Filter>Modules</Filter>
    </ClInclude>
    <ClInclude Include="ModuleParticles.h">
      <Filter>Modules</Filter>
    </ClInclude>
    <ClInclude Include="ModuleCollision.h">
      <Filter>Modules</Filter>
    </ClInclude>
    <ClInclude Include="ModuleAudio.h">
      <Filter>Modules</Filter>
    </ClInclude>
    <ClInclude Include="ModuleEnemies.h">
      <Filter>Modules</Filter>
    </ClInclude>
    <ClInclude Include="ModuleGameOver.h">
      <Filter>Modules</Filter>
    </ClInclude>
    <ClInclude Include="ModuleReady.h">
      <Filter>Modules</Filter>
    </ClInclude>
    <ClInclude Include="Globals.h">
      <Filter>Core</Filter>
    </ClInclude>
    <ClInclude Include="ModuleBlinky.h">
      <Filter>Modules\Ghosts</Filter>
    </ClInclude>
    <ClInclude Include="ModuleInky.h">
      <Filter>Modules\Ghosts</Filter>
    </ClInclude>
    <ClInclude Include="ModulePinky.h">
      <Filter>Modules\Ghosts</Filter>
    </ClInclude>
    <ClInclude Include="ModuleSue.h">
      <Filter>Modules\Ghosts</Filter>
    </ClInclude>
    <ClInclude Include="ModuleWin.h">
      <Filter>Modules</Filter>
    </ClInclude>
    <ClInclude Include="ModuleLevelThree.h">
      <Filter>Modules</Filter>
    </ClInclude>
    <ClInclude Include="ModuleLevelTwo.h">
      <Filter>Modules</Filter>
    </ClInclude>
    <ClInclude Include="ModuleReadyTwo.h">
      <Filter>Modules</Filter>
    </ClInclude>
    <ClInclude Include="ModuleScore.h">
      <Filter>Modules</Filter>
    </ClInclude>
    <ClInclude Include="ModuleLevelFour.h">
      <Filter>Modules</Filter>
    </ClInclude>
  </ItemGroup>
  <ItemGroup>
    <ClCompile Include="Main.cpp">
      <Filter>Core</Filter>
    </ClCompile>
    <ClCompile Include="Application.cpp">
      <Filter>Core</Filter>
    </ClCompile>
    <ClCompile Include="ModuleWindow.cpp">
      <Filter>Modules</Filter>
    </ClCompile>
    <ClCompile Include="ModuleInput.cpp">
      <Filter>Modules</Filter>
    </ClCompile>
    <ClCompile Include="ModuleRender.cpp">
      <Filter>Modules</Filter>
    </ClCompile>
    <ClCompile Include="ModuleTextures.cpp">
      <Filter>Modules</Filter>
    </ClCompile>
    <ClCompile Include="Globals.cpp">
      <Filter>Core</Filter>
    </ClCompile>
    <ClCompile Include="ModulePlayer.cpp">
      <Filter>Modules</Filter>
    </ClCompile>
    <ClCompile Include="ModuleFadeToBlack.cpp">
      <Filter>Modules</Filter>
    </ClCompile>
    <ClCompile Include="ModuleStartscreen.cpp">
      <Filter>Modules</Filter>
    </ClCompile>
    <ClCompile Include="ModuleLevelOne.cpp">
      <Filter>Modules</Filter>
    </ClCompile>
    <ClCompile Include="ModuleParticles.cpp">
      <Filter>Modules</Filter>
    </ClCompile>
    <ClCompile Include="ModuleCollision.cpp">
      <Filter>Modules</Filter>
    </ClCompile>
    <ClCompile Include="ModuleAudio.cpp">
      <Filter>Modules</Filter>
    </ClCompile>
    <ClCompile Include="ModuleEnemies.cpp">
      <Filter>Modules</Filter>
    </ClCompile>
    <ClCompile Include="ModuleGameOver.cpp">
      <Filter>Modules</Filter>
    </ClCompile>
    <ClCompile Include="ModuleReady.cpp">
      <Filter>Modules</Filter>
    </ClCompile>
    <ClCompile Include="ModuleBlinky.cpp">
      <Filter>Modules\Ghosts</Filter>
    </ClCompile>
    <ClCompile Include="ModuleInky.cpp">
      <Filter>Modules\Ghosts</Filter>
    </ClCompile>
    <ClCompile Include="ModulePinky.cpp">
      <Filter>Modules\Ghosts</Filter>
    </ClCompile>
    <ClCompile Include="ModuleSue.cpp">
      <Filter>Modules\Ghosts</Filter>
    </ClCompile>
    <ClCompile Include="ModuleWin.cpp">
      <Filter>Modules</Filter>
    </ClCompile>
    <ClCompile Include="ModuleLevelThree.cpp">
      <Filter>Modules</Filter>
    </ClCompile>
    <ClCompile Include="ModuleLevelTwo.cpp">
      <Filter>Modules</Filter>
    </ClCompile>
    <ClCompile Include="ModuleReadyTwo.cpp">
      <Filter>Modules</Filter>
    </ClCompile>
    <ClCompile Include="ModuleLevelFour.cpp">
      <Filter>Modules</Filter>
    </ClCompile>
  </ItemGroup>
</Project>